PODS:
  - Kingfisher (5.14.0):
    - Kingfisher/Core (= 5.14.0)
  - Kingfisher/Core (5.14.0)
  - SnapKit (4.2.0)

DEPENDENCIES:
  - Kingfisher (~> 5.0)
  - SnapKit (~> 4.0)

SPEC REPOS:
  trunk:
    - Kingfisher
    - SnapKit

SPEC CHECKSUMS:
  Kingfisher: 7b64389a43139c903ec434788344c288217c792d
  SnapKit: fe8a619752f3f27075cc9a90244d75c6c3f27e2a

PODFILE CHECKSUM: 6551265f7991bdbd8ec9458c14f361c3353df5e6

COCOAPODS: 1.8.4
